
Microsoft Visual Studio Solution File, Format Version 12.00
# Visual Studio Version 17
VisualStudioVersion = 17.8.34330.188
MinimumVisualStudioVersion = 10.0.40219.1
Project("{8BC9CEB8-8B4A-11D0-8D11-00A0C91BC942}") = "DeitelCh7", "DeitelCh7.vcxproj", "{6ED0A146-1C78-4561-842C-C230A7723B4A}"
EndProject
Global
	GlobalSection(SolutionConfigurationPlatforms) = preSolution
		Debug|x64 = Debug|x64
		Debug|x86 = Debug|x86
		Release|x64 = Release|x64
		Release|x86 = Release|x86
	EndGlobalSection
	GlobalSection(ProjectConfigurationPlatforms) = postSolution
		{6ED0A146-1C78-4561-842C-C230A7723B4A}.Debug|x64.ActiveCfg = Debug|x64
		{6ED0A146-1C78-4561-842C-C230A7723B4A}.Debug|x64.Build.0 = Debug|x64
		{6ED0A146-1C78-4561-842C-C230A7723B4A}.Debug|x86.ActiveCfg = Debug|Win32
		{6ED0A146-1C78-4561-842C-C230A7723B4A}.Debug|x86.Build.0 = Debug|Win32
		{6ED0A146-1C78-4561-842C-C230A7723B4A}.Release|x64.ActiveCfg = Release|x64
		{6ED0A146-1C78-4561-842C-C230A7723B4A}.Release|x64.Build.0 = Release|x64
		{6ED0A146-1C78-4561-842C-C230A7723B4A}.Release|x86.ActiveCfg = Release|Win32
		{6ED0A146-1C78-4561-842C-C230A7723B4A}.Release|x86.Build.0 = Release|Win32
	EndGlobalSection
	GlobalSection(SolutionProperties) = preSolution
		HideSolutionNode = FALSE
	EndGlobalSection
	GlobalSection(ExtensibilityGlobals) = postSolution
		SolutionGuid = {95D238DE-DDB2-4AC4-AD49-54B77F629E52}
	EndGlobalSection
EndGlobal
